
Microsoft Visual Studio Solution File, Format Version 12.00
# Visual Studio 15
VisualStudioVersion = 15.0.27428.2015
MinimumVisualStudioVersion = 10.0.40219.1
Project("{FAE04EC0-301F-11D3-BF4B-00C04F79EFBC}") = "WebAppPi", "WebAppPi\WebAppPi.csproj", "{B62C3BDE-88F3-47C7-8AA2-11335F923EFC}"
EndProject
Global
	GlobalSection(SolutionConfigurationPlatforms) = preSolution
		Debug|Any CPU = Debug|Any CPU
		Release|Any CPU = Release|Any CPU
	EndGlobalSection
	GlobalSection(ProjectConfigurationPlatforms) = postSolution
		{B62C3BDE-88F3-47C7-8AA2-11335F923EFC}.Debug|Any CPU.ActiveCfg = Debug|Any CPU
		{B62C3BDE-88F3-47C7-8AA2-11335F923EFC}.Debug|Any CPU.Build.0 = Debug|Any CPU
		{B62C3BDE-88F3-47C7-8AA2-11335F923EFC}.Release|Any CPU.ActiveCfg = Release|Any CPU
		{B62C3BDE-88F3-47C7-8AA2-11335F923EFC}.Release|Any CPU.Build.0 = Release|Any CPU
	EndGlobalSection
	GlobalSection(SolutionProperties) = preSolution
		HideSolutionNode = FALSE
	EndGlobalSection
	GlobalSection(ExtensibilityGlobals) = postSolution
		SolutionGuid = {317DFD97-29FC-4178-996F-2D4CD1D14936}
	EndGlobalSection
EndGlobal
